
Microsoft Visual Studio Solution File, Format Version 12.00
# Visual Studio Version 17
VisualStudioVersion = 17.10.34928.147
MinimumVisualStudioVersion = 10.0.40219.1
Project("{FAE04EC0-301F-11D3-BF4B-00C04F79EFBC}") = "Reto Nº10", "Reto Nº10\Reto Nº10.csproj", "{BB13B414-A3AF-4392-927C-80D0FC0B55F0}"
EndProject
Global
	GlobalSection(SolutionConfigurationPlatforms) = preSolution
		Debug|Any CPU = Debug|Any CPU
		Release|Any CPU = Release|Any CPU
	EndGlobalSection
	GlobalSection(ProjectConfigurationPlatforms) = postSolution
		{BB13B414-A3AF-4392-927C-80D0FC0B55F0}.Debug|Any CPU.ActiveCfg = Debug|Any CPU
		{BB13B414-A3AF-4392-927C-80D0FC0B55F0}.Debug|Any CPU.Build.0 = Debug|Any CPU
		{BB13B414-A3AF-4392-927C-80D0FC0B55F0}.Debug|Any CPU.Deploy.0 = Debug|Any CPU
		{BB13B414-A3AF-4392-927C-80D0FC0B55F0}.Release|Any CPU.ActiveCfg = Release|Any CPU
		{BB13B414-A3AF-4392-927C-80D0FC0B55F0}.Release|Any CPU.Build.0 = Release|Any CPU
		{BB13B414-A3AF-4392-927C-80D0FC0B55F0}.Release|Any CPU.Deploy.0 = Release|Any CPU
	EndGlobalSection
	GlobalSection(SolutionProperties) = preSolution
		HideSolutionNode = FALSE
	EndGlobalSection
	GlobalSection(ExtensibilityGlobals) = postSolution
		SolutionGuid = {56835F5E-8E0B-4AD0-A908-CAB0540D3F15}
	EndGlobalSection
EndGlobal
